
Microsoft Visual Studio Solution File, Format Version 12.00
# Visual Studio Version 16
VisualStudioVersion = 16.0.31112.23
MinimumVisualStudioVersion = 10.0.40219.1
Project("{FAE04EC0-301F-11D3-BF4B-00C04F79EFBC}") = "Ex03.GarageLogic", "Ex03.GarageLogic\Ex03.GarageLogic.csproj", "{74B6FA8E-90CC-4E5B-9D45-9CE59465BECB}"
EndProject
Project("{FAE04EC0-301F-11D3-BF4B-00C04F79EFBC}") = "Ex03.ConsoleUI", "Ex03.ConsoleUI\Ex03.ConsoleUI.csproj", "{4A43CB93-8427-402F-B699-44FE872EB5AF}"
EndProject
Project("{2150E333-8FDC-42A3-9474-1A3956D46DE8}") = "Solution Items", "Solution Items", "{A79DA3FE-1672-48CA-8EF1-29ABE472B95B}"
EndProject
Global
	GlobalSection(SolutionConfigurationPlatforms) = preSolution
		Debug|Any CPU = Debug|Any CPU
		Release|Any CPU = Release|Any CPU
	EndGlobalSection
	GlobalSection(ProjectConfigurationPlatforms) = postSolution
		{74B6FA8E-90CC-4E5B-9D45-9CE59465BECB}.Debug|Any CPU.ActiveCfg = Debug|Any CPU
		{74B6FA8E-90CC-4E5B-9D45-9CE59465BECB}.Debug|Any CPU.Build.0 = Debug|Any CPU
		{74B6FA8E-90CC-4E5B-9D45-9CE59465BECB}.Release|Any CPU.ActiveCfg = Release|Any CPU
		{74B6FA8E-90CC-4E5B-9D45-9CE59465BECB}.Release|Any CPU.Build.0 = Release|Any CPU
		{4A43CB93-8427-402F-B699-44FE872EB5AF}.Debug|Any CPU.ActiveCfg = Debug|Any CPU
		{4A43CB93-8427-402F-B699-44FE872EB5AF}.Debug|Any CPU.Build.0 = Debug|Any CPU
		{4A43CB93-8427-402F-B699-44FE872EB5AF}.Release|Any CPU.ActiveCfg = Release|Any CPU
		{4A43CB93-8427-402F-B699-44FE872EB5AF}.Release|Any CPU.Build.0 = Release|Any CPU
	EndGlobalSection
	GlobalSection(SolutionProperties) = preSolution
		HideSolutionNode = FALSE
	EndGlobalSection
	GlobalSection(ExtensibilityGlobals) = postSolution
		SolutionGuid = {0886BBB3-8D29-4F82-BCB9-E5673E452653}
	EndGlobalSection
EndGlobal
